
Microsoft Visual Studio Solution File, Format Version 12.00
# Visual Studio Version 16
VisualStudioVersion = 16.0.30611.23
MinimumVisualStudioVersion = 10.0.40219.1
Project("{8BC9CEB8-8B4A-11D0-8D11-00A0C91BC942}") = "Homework 15.09.2020", "Homework\Homework.vcxproj", "{34B8736C-677C-42BE-A2B3-EC7E1E73DB77}"
EndProject
Project("{8BC9CEB8-8B4A-11D0-8D11-00A0C91BC942}") = "Homework 03.11.2020", "Homework 03.11.2020\Homework 03.11.2020.vcxproj", "{C6B27E17-EC2C-4A45-A78D-89828C98074A}"
EndProject
Project("{8BC9CEB8-8B4A-11D0-8D11-00A0C91BC942}") = "Homework 14.11.2020", "Homework 14.11\Homework 14.11.vcxproj", "{6E4FE468-A438-42B2-88B7-CC138B3753AD}"
EndProject
Project("{8BC9CEB8-8B4A-11D0-8D11-00A0C91BC942}") = "Homework 05.12.2020", "Homework 05.12.2020\Homework 05.12.2020.vcxproj", "{6A7B265A-815E-4872-BE9C-7D405017EA14}"
EndProject
Global
	GlobalSection(SolutionConfigurationPlatforms) = preSolution
		Debug|x64 = Debug|x64
		Debug|x86 = Debug|x86
		Release|x64 = Release|x64
		Release|x86 = Release|x86
	EndGlobalSection
	GlobalSection(ProjectConfigurationPlatforms) = postSolution
		{34B8736C-677C-42BE-A2B3-EC7E1E73DB77}.Debug|x64.ActiveCfg = Debug|x64
		{34B8736C-677C-42BE-A2B3-EC7E1E73DB77}.Debug|x64.Build.0 = Debug|x64
		{34B8736C-677C-42BE-A2B3-EC7E1E73DB77}.Debug|x86.ActiveCfg = Debug|Win32
		{34B8736C-677C-42BE-A2B3-EC7E1E73DB77}.Debug|x86.Build.0 = Debug|Win32
		{34B8736C-677C-42BE-A2B3-EC7E1E73DB77}.Release|x64.ActiveCfg = Release|x64
		{34B8736C-677C-42BE-A2B3-EC7E1E73DB77}.Release|x64.Build.0 = Release|x64
		{34B8736C-677C-42BE-A2B3-EC7E1E73DB77}.Release|x86.ActiveCfg = Release|Win32
		{34B8736C-677C-42BE-A2B3-EC7E1E73DB77}.Release|x86.Build.0 = Release|Win32
		{C6B27E17-EC2C-4A45-A78D-89828C98074A}.Debug|x64.ActiveCfg = Debug|x64
		{C6B27E17-EC2C-4A45-A78D-89828C98074A}.Debug|x64.Build.0 = Debug|x64
		{C6B27E17-EC2C-4A45-A78D-89828C98074A}.Debug|x86.ActiveCfg = Debug|Win32
		{C6B27E17-EC2C-4A45-A78D-89828C98074A}.Debug|x86.Build.0 = Debug|Win32
		{C6B27E17-EC2C-4A45-A78D-89828C98074A}.Release|x64.ActiveCfg = Release|x64
		{C6B27E17-EC2C-4A45-A78D-89828C98074A}.Release|x64.Build.0 = Release|x64
		{C6B27E17-EC2C-4A45-A78D-89828C98074A}.Release|x86.ActiveCfg = Release|Win32
		{C6B27E17-EC2C-4A45-A78D-89828C98074A}.Release|x86.Build.0 = Release|Win32
		{6E4FE468-A438-42B2-88B7-CC138B3753AD}.Debug|x64.ActiveCfg = Debug|x64
		{6E4FE468-A438-42B2-88B7-CC138B3753AD}.Debug|x64.Build.0 = Debug|x64
		{6E4FE468-A438-42B2-88B7-CC138B3753AD}.Debug|x86.ActiveCfg = Debug|Win32
		{6E4FE468-A438-42B2-88B7-CC138B3753AD}.Debug|x86.Build.0 = Debug|Win32
		{6E4FE468-A438-42B2-88B7-CC138B3753AD}.Release|x64.ActiveCfg = Release|x64
		{6E4FE468-A438-42B2-88B7-CC138B3753AD}.Release|x64.Build.0 = Release|x64
		{6E4FE468-A438-42B2-88B7-CC138B3753AD}.Release|x86.ActiveCfg = Release|Win32
		{6E4FE468-A438-42B2-88B7-CC138B3753AD}.Release|x86.Build.0 = Release|Win32
		{6A7B265A-815E-4872-BE9C-7D405017EA14}.Debug|x64.ActiveCfg = Debug|x64
		{6A7B265A-815E-4872-BE9C-7D405017EA14}.Debug|x64.Build.0 = Debug|x64
		{6A7B265A-815E-4872-BE9C-7D405017EA14}.Debug|x86.ActiveCfg = Debug|Win32
		{6A7B265A-815E-4872-BE9C-7D405017EA14}.Debug|x86.Build.0 = Debug|Win32
		{6A7B265A-815E-4872-BE9C-7D405017EA14}.Release|x64.ActiveCfg = Release|x64
		{6A7B265A-815E-4872-BE9C-7D405017EA14}.Release|x64.Build.0 = Release|x64
		{6A7B265A-815E-4872-BE9C-7D405017EA14}.Release|x86.ActiveCfg = Release|Win32
		{6A7B265A-815E-4872-BE9C-7D405017EA14}.Release|x86.Build.0 = Release|Win32
	EndGlobalSection
	GlobalSection(SolutionProperties) = preSolution
		HideSolutionNode = FALSE
	EndGlobalSection
	GlobalSection(ExtensibilityGlobals) = postSolution
		SolutionGuid = {0E1BE4F1-6E10-4F53-9190-FB5F005F4C43}
	EndGlobalSection
EndGlobal
